// !$*UTF8*$!
{
	archiveVersion = 1;
	classes = {
	};
	objectVersion = 56;
	objects = {

/* Begin PBXBuildFile section */
		00B6AD1429AB6A1E0021095D /* AppDelegate.swift in Sources */ = {isa = PBXBuildFile; fileRef = 00B6AD1329AB6A1E0021095D /* AppDelegate.swift */; };
		00B6AD1629AB6A1E0021095D /* SceneDelegate.swift in Sources */ = {isa = PBXBuildFile; fileRef = 00B6AD1529AB6A1E0021095D /* SceneDelegate.swift */; };
		00B6AD1D29AB6A210021095D /* Assets.xcassets in Resources */ = {isa = PBXBuildFile; fileRef = 00B6AD1C29AB6A210021095D /* Assets.xcassets */; };
		00B6AD2029AB6A210021095D /* LaunchScreen.storyboard in Resources */ = {isa = PBXBuildFile; fileRef = 00B6AD1E29AB6A210021095D /* LaunchScreen.storyboard */; };
		C7CB34C129ABF49B001AA24C /* BaseTabBarController.swift in Sources */ = {isa = PBXBuildFile; fileRef = C7CB34C029ABF49B001AA24C /* BaseTabBarController.swift */; };
		C7CB34C729ABF6C8001AA24C /* MainVC.swift in Sources */ = {isa = PBXBuildFile; fileRef = C7CB34C629ABF6C8001AA24C /* MainVC.swift */; };
		C7DDAC3429ABF80F004F984F /* CategoriesVC.swift in Sources */ = {isa = PBXBuildFile; fileRef = C7DDAC3329ABF80F004F984F /* CategoriesVC.swift */; };
		C7DDAC3629ABF821004F984F /* SavedVC.swift in Sources */ = {isa = PBXBuildFile; fileRef = C7DDAC3529ABF821004F984F /* SavedVC.swift */; };
/* End PBXBuildFile section */

/* Begin PBXFileReference section */
		00B6AD1029AB6A1E0021095D /* BookRecipes.app */ = {isa = PBXFileReference; explicitFileType = wrapper.application; includeInIndex = 0; path = BookRecipes.app; sourceTree = BUILT_PRODUCTS_DIR; };
		00B6AD1329AB6A1E0021095D /* AppDelegate.swift */ = {isa = PBXFileReference; lastKnownFileType = sourcecode.swift; path = AppDelegate.swift; sourceTree = "<group>"; };
		00B6AD1529AB6A1E0021095D /* SceneDelegate.swift */ = {isa = PBXFileReference; lastKnownFileType = sourcecode.swift; path = SceneDelegate.swift; sourceTree = "<group>"; };
		00B6AD1C29AB6A210021095D /* Assets.xcassets */ = {isa = PBXFileReference; lastKnownFileType = folder.assetcatalog; path = Assets.xcassets; sourceTree = "<group>"; };
		00B6AD1F29AB6A210021095D /* Base */ = {isa = PBXFileReference; lastKnownFileType = file.storyboard; name = Base; path = Base.lproj/LaunchScreen.storyboard; sourceTree = "<group>"; };
		00B6AD2129AB6A210021095D /* Info.plist */ = {isa = PBXFileReference; lastKnownFileType = text.plist.xml; path = Info.plist; sourceTree = "<group>"; };
		C7CB34C029ABF49B001AA24C /* BaseTabBarController.swift */ = {isa = PBXFileReference; lastKnownFileType = sourcecode.swift; path = BaseTabBarController.swift; sourceTree = "<group>"; };
		C7CB34C629ABF6C8001AA24C /* MainVC.swift */ = {isa = PBXFileReference; lastKnownFileType = sourcecode.swift; path = MainVC.swift; sourceTree = "<group>"; };
		C7DDAC3329ABF80F004F984F /* CategoriesVC.swift */ = {isa = PBXFileReference; lastKnownFileType = sourcecode.swift; path = CategoriesVC.swift; sourceTree = "<group>"; };
		C7DDAC3529ABF821004F984F /* SavedVC.swift */ = {isa = PBXFileReference; lastKnownFileType = sourcecode.swift; path = SavedVC.swift; sourceTree = "<group>"; };
/* End PBXFileReference section */

/* Begin PBXFrameworksBuildPhase section */
		00B6AD0D29AB6A1E0021095D /* Frameworks */ = {
			isa = PBXFrameworksBuildPhase;
			buildActionMask = 2147483647;
			files = (
			);
			runOnlyForDeploymentPostprocessing = 0;
		};
/* End PBXFrameworksBuildPhase section */

/* Begin PBXGroup section */
		00B6AD0729AB6A1E0021095D = {
			isa = PBXGroup;
			children = (
				00B6AD1229AB6A1E0021095D /* BookRecipes */,
				00B6AD1129AB6A1E0021095D /* Products */,
			);
			sourceTree = "<group>";
		};
		00B6AD1129AB6A1E0021095D /* Products */ = {
			isa = PBXGroup;
			children = (
				00B6AD1029AB6A1E0021095D /* BookRecipes.app */,
			);
			name = Products;
			sourceTree = "<group>";
		};
		00B6AD1229AB6A1E0021095D /* BookRecipes */ = {
			isa = PBXGroup;
			children = (
				C7CB34C229ABF4FF001AA24C /* Module */,
				00B6AD1329AB6A1E0021095D /* AppDelegate.swift */,
				00B6AD1529AB6A1E0021095D /* SceneDelegate.swift */,
				C7CB34CC29ABF736001AA24C /* Helper */,
				00B6AD1C29AB6A210021095D /* Assets.xcassets */,
				00B6AD1E29AB6A210021095D /* LaunchScreen.storyboard */,
				00B6AD2129AB6A210021095D /* Info.plist */,
			);
			path = BookRecipes;
			sourceTree = "<group>";
		};
		C7CB34C229ABF4FF001AA24C /* Module */ = {
			isa = PBXGroup;
			children = (
				C7CB34C529ABF6B3001AA24C /* Saved */,
				C7CB34C429ABF511001AA24C /* Categories */,
				C7CB34C329ABF50A001AA24C /* Main */,
			);
			path = Module;
			sourceTree = "<group>";
		};
		C7CB34C329ABF50A001AA24C /* Main */ = {
			isa = PBXGroup;
			children = (
				C7CB34C629ABF6C8001AA24C /* MainVC.swift */,
			);
			path = Main;
			sourceTree = "<group>";
		};
		C7CB34C429ABF511001AA24C /* Categories */ = {
			isa = PBXGroup;
			children = (
				C7DDAC3329ABF80F004F984F /* CategoriesVC.swift */,
			);
			path = Categories;
			sourceTree = "<group>";
		};
		C7CB34C529ABF6B3001AA24C /* Saved */ = {
			isa = PBXGroup;
			children = (
				C7DDAC3529ABF821004F984F /* SavedVC.swift */,
			);
			path = Saved;
			sourceTree = "<group>";
		};
		C7CB34CC29ABF736001AA24C /* Helper */ = {
			isa = PBXGroup;
			children = (
				C7CB34C029ABF49B001AA24C /* BaseTabBarController.swift */,
			);
			path = Helper;
			sourceTree = "<group>";
		};
/* End PBXGroup section */

/* Begin PBXNativeTarget section */
		00B6AD0F29AB6A1E0021095D /* BookRecipes */ = {
			isa = PBXNativeTarget;
			buildConfigurationList = 00B6AD2429AB6A210021095D /* Build configuration list for PBXNativeTarget "BookRecipes" */;
			buildPhases = (
				00B6AD0C29AB6A1E0021095D /* Sources */,
				00B6AD0D29AB6A1E0021095D /* Frameworks */,
				00B6AD0E29AB6A1E0021095D /* Resources */,
			);
			buildRules = (
			);
			dependencies = (
			);
			name = BookRecipes;
			productName = BookRecipes;
			productReference = 00B6AD1029AB6A1E0021095D /* BookRecipes.app */;
			productType = "com.apple.product-type.application";
		};
/* End PBXNativeTarget section */

/* Begin PBXProject section */
		00B6AD0829AB6A1E0021095D /* Project object */ = {
			isa = PBXProject;
			attributes = {
				BuildIndependentTargetsInParallel = 1;
				LastSwiftUpdateCheck = 1420;
				LastUpgradeCheck = 1420;
				TargetAttributes = {
					00B6AD0F29AB6A1E0021095D = {
						CreatedOnToolsVersion = 14.2;
					};
				};
			};
			buildConfigurationList = 00B6AD0B29AB6A1E0021095D /* Build configuration list for PBXProject "BookRecipes" */;
			compatibilityVersion = "Xcode 14.0";
			developmentRegion = en;
			hasScannedForEncodings = 0;
			knownRegions = (
				en,
				Base,
			);
			mainGroup = 00B6AD0729AB6A1E0021095D;
			productRefGroup = 00B6AD1129AB6A1E0021095D /* Products */;
			projectDirPath = "";
			projectRoot = "";
			targets = (
				00B6AD0F29AB6A1E0021095D /* BookRecipes */,
			);
		};
/* End PBXProject section */

/* Begin PBXResourcesBuildPhase section */
		00B6AD0E29AB6A1E0021095D /* Resources */ = {
			isa = PBXResourcesBuildPhase;
			buildActionMask = 2147483647;
			files = (
				00B6AD2029AB6A210021095D /* LaunchScreen.storyboard in Resources */,
				00B6AD1D29AB6A210021095D /* Assets.xcassets in Resources */,
			);
			runOnlyForDeploymentPostprocessing = 0;
		};
/* End PBXResourcesBuildPhase section */

/* Begin PBXSourcesBuildPhase section */
		00B6AD0C29AB6A1E0021095D /* Sources */ = {
			isa = PBXSourcesBuildPhase;
			buildActionMask = 2147483647;
			files = (
				C7CB34C129ABF49B001AA24C /* BaseTabBarController.swift in Sources */,
				C7CB34C729ABF6C8001AA24C /* MainVC.swift in Sources */,
				00B6AD1429AB6A1E0021095D /* AppDelegate.swift in Sources */,
				00B6AD1629AB6A1E0021095D /* SceneDelegate.swift in Sources */,
				C7DDAC3629ABF821004F984F /* SavedVC.swift in Sources */,
				C7DDAC3429ABF80F004F984F /* CategoriesVC.swift in Sources */,
			);
			runOnlyForDeploymentPostprocessing = 0;
		};
/* End PBXSourcesBuildPhase section */

/* Begin PBXVariantGroup section */
		00B6AD1E29AB6A210021095D /* LaunchScreen.storyboard */ = {
			isa = PBXVariantGroup;
			children = (
				00B6AD1F29AB6A210021095D /* Base */,
			);
			name = LaunchScreen.storyboard;
			sourceTree = "<group>";
		};
/* End PBXVariantGroup section */

/* Begin XCBuildConfiguration section */
		00B6AD2229AB6A210021095D /* Debug */ = {
			isa = XCBuildConfiguration;
			buildSettings = {
				ALWAYS_SEARCH_USER_PATHS = NO;
				CLANG_ANALYZER_NONNULL = YES;
				CLANG_ANALYZER_NUMBER_OBJECT_CONVERSION = YES_AGGRESSIVE;
				CLANG_CXX_LANGUAGE_STANDARD = "gnu++20";
				CLANG_ENABLE_MODULES = YES;
				CLANG_ENABLE_OBJC_ARC = YES;
				CLANG_ENABLE_OBJC_WEAK = YES;
				CLANG_WARN_BLOCK_CAPTURE_AUTORELEASING = YES;
				CLANG_WARN_BOOL_CONVERSION = YES;
				CLANG_WARN_COMMA = YES;
				CLANG_WARN_CONSTANT_CONVERSION = YES;
				CLANG_WARN_DEPRECATED_OBJC_IMPLEMENTATIONS = YES;
				CLANG_WARN_DIRECT_OBJC_ISA_USAGE = YES_ERROR;
				CLANG_WARN_DOCUMENTATION_COMMENTS = YES;
				CLANG_WARN_EMPTY_BODY = YES;
				CLANG_WARN_ENUM_CONVERSION = YES;
				CLANG_WARN_INFINITE_RECURSION = YES;
				CLANG_WARN_INT_CONVERSION = YES;
				CLANG_WARN_NON_LITERAL_NULL_CONVERSION = YES;
				CLANG_WARN_OBJC_IMPLICIT_RETAIN_SELF = YES;
				CLANG_WARN_OBJC_LITERAL_CONVERSION = YES;
				CLANG_WARN_OBJC_ROOT_CLASS = YES_ERROR;
				CLANG_WARN_QUOTED_INCLUDE_IN_FRAMEWORK_HEADER = YES;
				CLANG_WARN_RANGE_LOOP_ANALYSIS = YES;
				CLANG_WARN_STRICT_PROTOTYPES = YES;
				CLANG_WARN_SUSPICIOUS_MOVE = YES;
				CLANG_WARN_UNGUARDED_AVAILABILITY = YES_AGGRESSIVE;
				CLANG_WARN_UNREACHABLE_CODE = YES;
				CLANG_WARN__DUPLICATE_METHOD_MATCH = YES;
				COPY_PHASE_STRIP = NO;
				DEBUG_INFORMATION_FORMAT = dwarf;
				ENABLE_STRICT_OBJC_MSGSEND = YES;
				ENABLE_TESTABILITY = YES;
				GCC_C_LANGUAGE_STANDARD = gnu11;
				GCC_DYNAMIC_NO_PIC = NO;
				GCC_NO_COMMON_BLOCKS = YES;
				GCC_OPTIMIZATION_LEVEL = 0;
				GCC_PREPROCESSOR_DEFINITIONS = (
					"DEBUG=1",
					"$(inherited)",
				);
				GCC_WARN_64_TO_32_BIT_CONVERSION = YES;
				GCC_WARN_ABOUT_RETURN_TYPE = YES_ERROR;
				GCC_WARN_UNDECLARED_SELECTOR = YES;
				GCC_WARN_UNINITIALIZED_AUTOS = YES_AGGRESSIVE;
				GCC_WARN_UNUSED_FUNCTION = YES;
				GCC_WARN_UNUSED_VARIABLE = YES;
				IPHONEOS_DEPLOYMENT_TARGET = 16.2;
				MTL_ENABLE_DEBUG_INFO = INCLUDE_SOURCE;
				MTL_FAST_MATH = YES;
				ONLY_ACTIVE_ARCH = YES;
				SDKROOT = iphoneos;
				SWIFT_ACTIVE_COMPILATION_CONDITIONS = DEBUG;
				SWIFT_OPTIMIZATION_LEVEL = "-Onone";
			};
			name = Debug;
		};
		00B6AD2329AB6A210021095D /* Release */ = {
			isa = XCBuildConfiguration;
			buildSettings = {
				ALWAYS_SEARCH_USER_PATHS = NO;
				CLANG_ANALYZER_NONNULL = YES;
				CLANG_ANALYZER_NUMBER_OBJECT_CONVERSION = YES_AGGRESSIVE;
				CLANG_CXX_LANGUAGE_STANDARD = "gnu++20";
				CLANG_ENABLE_MODULES = YES;
				CLANG_ENABLE_OBJC_ARC = YES;
				CLANG_ENABLE_OBJC_WEAK = YES;
				CLANG_WARN_BLOCK_CAPTURE_AUTORELEASING = YES;
				CLANG_WARN_BOOL_CONVERSION = YES;
				CLANG_WARN_COMMA = YES;
				CLANG_WARN_CONSTANT_CONVERSION = YES;
				CLANG_WARN_DEPRECATED_OBJC_IMPLEMENTATIONS = YES;
				CLANG_WARN_DIRECT_OBJC_ISA_USAGE = YES_ERROR;
				CLANG_WARN_DOCUMENTATION_COMMENTS = YES;
				CLANG_WARN_EMPTY_BODY = YES;
				CLANG_WARN_ENUM_CONVERSION = YES;
				CLANG_WARN_INFINITE_RECURSION = YES;
				CLANG_WARN_INT_CONVERSION = YES;
				CLANG_WARN_NON_LITERAL_NULL_CONVERSION = YES;
				CLANG_WARN_OBJC_IMPLICIT_RETAIN_SELF = YES;
				CLANG_WARN_OBJC_LITERAL_CONVERSION = YES;
				CLANG_WARN_OBJC_ROOT_CLASS = YES_ERROR;
				CLANG_WARN_QUOTED_INCLUDE_IN_FRAMEWORK_HEADER = YES;
				CLANG_WARN_RANGE_LOOP_ANALYSIS = YES;
				CLANG_WARN_STRICT_PROTOTYPES = YES;
				CLANG_WARN_SUSPICIOUS_MOVE = YES;
				CLANG_WARN_UNGUARDED_AVAILABILITY = YES_AGGRESSIVE;
				CLANG_WARN_UNREACHABLE_CODE = YES;
				CLANG_WARN__DUPLICATE_METHOD_MATCH = YES;
				COPY_PHASE_STRIP = NO;
				DEBUG_INFORMATION_FORMAT = "dwarf-with-dsym";
				ENABLE_NS_ASSERTIONS = NO;
				ENABLE_STRICT_OBJC_MSGSEND = YES;
				GCC_C_LANGUAGE_STANDARD = gnu11;
				GCC_NO_COMMON_BLOCKS = YES;
				GCC_WARN_64_TO_32_BIT_CONVERSION = YES;
				GCC_WARN_ABOUT_RETURN_TYPE = YES_ERROR;
				GCC_WARN_UNDECLARED_SELECTOR = YES;
				GCC_WARN_UNINITIALIZED_AUTOS = YES_AGGRESSIVE;
				GCC_WARN_UNUSED_FUNCTION = YES;
				GCC_WARN_UNUSED_VARIABLE = YES;
				IPHONEOS_DEPLOYMENT_TARGET = 16.2;
				MTL_ENABLE_DEBUG_INFO = NO;
				MTL_FAST_MATH = YES;
				SDKROOT = iphoneos;
				SWIFT_COMPILATION_MODE = wholemodule;
				SWIFT_OPTIMIZATION_LEVEL = "-O";
				VALIDATE_PRODUCT = YES;
			};
			name = Release;
		};
		00B6AD2529AB6A210021095D /* Debug */ = {
			isa = XCBuildConfiguration;
			buildSettings = {
				ASSETCATALOG_COMPILER_APPICON_NAME = AppIcon;
				ASSETCATALOG_COMPILER_GLOBAL_ACCENT_COLOR_NAME = AccentColor;
				CODE_SIGN_STYLE = Automatic;
				CURRENT_PROJECT_VERSION = 1;
				DEVELOPMENT_TEAM = W9FSXFWG34;
				GENERATE_INFOPLIST_FILE = YES;
				INFOPLIST_FILE = BookRecipes/Info.plist;
				INFOPLIST_KEY_UIApplicationSupportsIndirectInputEvents = YES;
				INFOPLIST_KEY_UILaunchStoryboardName = LaunchScreen;
				INFOPLIST_KEY_UISupportedInterfaceOrientations_iPad = "UIInterfaceOrientationPortrait UIInterfaceOrientationPortraitUpsideDown UIInterfaceOrientationLandscapeLeft UIInterfaceOrientationLandscapeRight";
				INFOPLIST_KEY_UISupportedInterfaceOrientations_iPhone = "UIInterfaceOrientationPortrait UIInterfaceOrientationLandscapeLeft UIInterfaceOrientationLandscapeRight";
				IPHONEOS_DEPLOYMENT_TARGET = 16.1;
				LD_RUNPATH_SEARCH_PATHS = (
					"$(inherited)",
					"@executable_path/Frameworks",
				);
				MARKETING_VERSION = 1.0;
				PRODUCT_BUNDLE_IDENTIFIER = com.artemorlov.BookRecipes;
				PRODUCT_NAME = "$(TARGET_NAME)";
				SWIFT_EMIT_LOC_STRINGS = YES;
				SWIFT_VERSION = 5.0;
				TARGETED_DEVICE_FAMILY = "1,2";
			};
			name = Debug;
		};
		00B6AD2629AB6A210021095D /* Release */ = {
			isa = XCBuildConfiguration;
			buildSettings = {
				ASSETCATALOG_COMPILER_APPICON_NAME = AppIcon;
				ASSETCATALOG_COMPILER_GLOBAL_ACCENT_COLOR_NAME = AccentColor;
				CODE_SIGN_STYLE = Automatic;
				CURRENT_PROJECT_VERSION = 1;
				DEVELOPMENT_TEAM = W9FSXFWG34;
				GENERATE_INFOPLIST_FILE = YES;
				INFOPLIST_FILE = BookRecipes/Info.plist;
				INFOPLIST_KEY_UIApplicationSupportsIndirectInputEvents = YES;
				INFOPLIST_KEY_UILaunchStoryboardName = LaunchScreen;
				INFOPLIST_KEY_UISupportedInterfaceOrientations_iPad = "UIInterfaceOrientationPortrait UIInterfaceOrientationPortraitUpsideDown UIInterfaceOrientationLandscapeLeft UIInterfaceOrientationLandscapeRight";
				INFOPLIST_KEY_UISupportedInterfaceOrientations_iPhone = "UIInterfaceOrientationPortrait UIInterfaceOrientationLandscapeLeft UIInterfaceOrientationLandscapeRight";
				IPHONEOS_DEPLOYMENT_TARGET = 16.1;
				LD_RUNPATH_SEARCH_PATHS = (
					"$(inherited)",
					"@executable_path/Frameworks",
				);
				MARKETING_VERSION = 1.0;
				PRODUCT_BUNDLE_IDENTIFIER = com.artemorlov.BookRecipes;
				PRODUCT_NAME = "$(TARGET_NAME)";
				SWIFT_EMIT_LOC_STRINGS = YES;
				SWIFT_VERSION = 5.0;
				TARGETED_DEVICE_FAMILY = "1,2";
			};
			name = Release;
		};
/* End XCBuildConfiguration section */

/* Begin XCConfigurationList section */
		00B6AD0B29AB6A1E0021095D /* Build configuration list for PBXProject "BookRecipes" */ = {
			isa = XCConfigurationList;
			buildConfigurations = (
				00B6AD2229AB6A210021095D /* Debug */,
				00B6AD2329AB6A210021095D /* Release */,
			);
			defaultConfigurationIsVisible = 0;
			defaultConfigurationName = Release;
		};
		00B6AD2429AB6A210021095D /* Build configuration list for PBXNativeTarget "BookRecipes" */ = {
			isa = XCConfigurationList;
			buildConfigurations = (
				00B6AD2529AB6A210021095D /* Debug */,
				00B6AD2629AB6A210021095D /* Release */,
			);
			defaultConfigurationIsVisible = 0;
			defaultConfigurationName = Release;
		};
/* End XCConfigurationList section */
	};
	rootObject = 00B6AD0829AB6A1E0021095D /* Project object */;
}
