{
  "pins" : [
    {
      "identity" : "sdwebimage",
      "kind" : "remoteSourceControl",
      "location" : "https://github.com/SDWebImage/SDWebImage.git",
      "state" : {
        "revision" : "a812079ae91a7f2e627364c42ea7b98abfa366ed",
        "version" : "5.15.4"
      }
    }
  ],
  "version" : 2
}
